
Microsoft Visual Studio Solution File, Format Version 12.00
# Visual Studio Version 16
VisualStudioVersion = 16.0.30225.117
MinimumVisualStudioVersion = 10.0.40219.1
Project("{FAE04EC0-301F-11D3-BF4B-00C04F79EFBC}") = "pruebas git", "pruebas git\pruebas git.csproj", "{53D6153A-3D8F-465E-BC19-DAFBD0B018E2}"
EndProject
Global
	GlobalSection(SolutionConfigurationPlatforms) = preSolution
		Debug|Any CPU = Debug|Any CPU
		Release|Any CPU = Release|Any CPU
	EndGlobalSection
	GlobalSection(ProjectConfigurationPlatforms) = postSolution
		{53D6153A-3D8F-465E-BC19-DAFBD0B018E2}.Debug|Any CPU.ActiveCfg = Debug|Any CPU
		{53D6153A-3D8F-465E-BC19-DAFBD0B018E2}.Debug|Any CPU.Build.0 = Debug|Any CPU
		{53D6153A-3D8F-465E-BC19-DAFBD0B018E2}.Release|Any CPU.ActiveCfg = Release|Any CPU
		{53D6153A-3D8F-465E-BC19-DAFBD0B018E2}.Release|Any CPU.Build.0 = Release|Any CPU
	EndGlobalSection
	GlobalSection(SolutionProperties) = preSolution
		HideSolutionNode = FALSE
	EndGlobalSection
	GlobalSection(ExtensibilityGlobals) = postSolution
		SolutionGuid = {64BBE213-930C-4F89-A6C9-61A9855F6EBC}
	EndGlobalSection
EndGlobal
